
Microsoft Visual Studio Solution File, Format Version 12.00
# Visual Studio Version 17
VisualStudioVersion = 17.8.34322.80
MinimumVisualStudioVersion = 10.0.40219.1
Project("{9A19103F-16F7-4668-BE54-9A1E7A4F7556}") = "JetHealthWebProject", "JetHealth\JetHealthWebProject.csproj", "{DCDD618B-F1AB-4C43-A3A2-5AA582504A3B}"
EndProject
Project("{9A19103F-16F7-4668-BE54-9A1E7A4F7556}") = "Tests", "Tests\Tests.csproj", "{48EA6506-2A68-4095-8639-7188CFF0766C}"
EndProject
Project("{FAE04EC0-301F-11D3-BF4B-00C04F79EFBC}") = "JetHealth.DataAccess", "JetHealth.DataAccess\JetHealth.DataAccess.csproj", "{C7B87D8F-35B2-42CD-B8E2-0C7CFB53B8EE}"
EndProject
Project("{FAE04EC0-301F-11D3-BF4B-00C04F79EFBC}") = "JetHealth.Models", "JetHealth.Models\JetHealth.Models.csproj", "{1FBDF5AF-ED3F-466D-9A54-82C1D6B259A6}"
EndProject
Project("{FAE04EC0-301F-11D3-BF4B-00C04F79EFBC}") = "JetHealth.Utility", "JetHealth.Utility\JetHealth.Utility.csproj", "{DC124E85-9FCB-419A-974F-C26A903090B7}"
EndProject
Global
	GlobalSection(SolutionConfigurationPlatforms) = preSolution
		Debug|Any CPU = Debug|Any CPU
		Release|Any CPU = Release|Any CPU
	EndGlobalSection
	GlobalSection(ProjectConfigurationPlatforms) = postSolution
		{DCDD618B-F1AB-4C43-A3A2-5AA582504A3B}.Debug|Any CPU.ActiveCfg = Debug|Any CPU
		{DCDD618B-F1AB-4C43-A3A2-5AA582504A3B}.Debug|Any CPU.Build.0 = Debug|Any CPU
		{DCDD618B-F1AB-4C43-A3A2-5AA582504A3B}.Release|Any CPU.ActiveCfg = Release|Any CPU
		{DCDD618B-F1AB-4C43-A3A2-5AA582504A3B}.Release|Any CPU.Build.0 = Release|Any CPU
		{48EA6506-2A68-4095-8639-7188CFF0766C}.Debug|Any CPU.ActiveCfg = Debug|Any CPU
		{48EA6506-2A68-4095-8639-7188CFF0766C}.Debug|Any CPU.Build.0 = Debug|Any CPU
		{48EA6506-2A68-4095-8639-7188CFF0766C}.Release|Any CPU.ActiveCfg = Release|Any CPU
		{48EA6506-2A68-4095-8639-7188CFF0766C}.Release|Any CPU.Build.0 = Release|Any CPU
		{C7B87D8F-35B2-42CD-B8E2-0C7CFB53B8EE}.Debug|Any CPU.ActiveCfg = Debug|Any CPU
		{C7B87D8F-35B2-42CD-B8E2-0C7CFB53B8EE}.Debug|Any CPU.Build.0 = Debug|Any CPU
		{C7B87D8F-35B2-42CD-B8E2-0C7CFB53B8EE}.Release|Any CPU.ActiveCfg = Release|Any CPU
		{C7B87D8F-35B2-42CD-B8E2-0C7CFB53B8EE}.Release|Any CPU.Build.0 = Release|Any CPU
		{1FBDF5AF-ED3F-466D-9A54-82C1D6B259A6}.Debug|Any CPU.ActiveCfg = Debug|Any CPU
		{1FBDF5AF-ED3F-466D-9A54-82C1D6B259A6}.Debug|Any CPU.Build.0 = Debug|Any CPU
		{1FBDF5AF-ED3F-466D-9A54-82C1D6B259A6}.Release|Any CPU.ActiveCfg = Release|Any CPU
		{1FBDF5AF-ED3F-466D-9A54-82C1D6B259A6}.Release|Any CPU.Build.0 = Release|Any CPU
		{DC124E85-9FCB-419A-974F-C26A903090B7}.Debug|Any CPU.ActiveCfg = Debug|Any CPU
		{DC124E85-9FCB-419A-974F-C26A903090B7}.Debug|Any CPU.Build.0 = Debug|Any CPU
		{DC124E85-9FCB-419A-974F-C26A903090B7}.Release|Any CPU.ActiveCfg = Release|Any CPU
		{DC124E85-9FCB-419A-974F-C26A903090B7}.Release|Any CPU.Build.0 = Release|Any CPU
	EndGlobalSection
	GlobalSection(SolutionProperties) = preSolution
		HideSolutionNode = FALSE
	EndGlobalSection
	GlobalSection(ExtensibilityGlobals) = postSolution
		SolutionGuid = {C15B426F-721F-4D85-9266-112266BDDC4E}
	EndGlobalSection
EndGlobal
